
Microsoft Visual Studio Solution File, Format Version 12.00
# Visual Studio 15
VisualStudioVersion = 15.0.28307.168
MinimumVisualStudioVersion = 10.0.40219.1
Project("{FAE04EC0-301F-11D3-BF4B-00C04F79EFBC}") = "Viskositeettilaskin", "Viskositeettilaskin\Viskositeettilaskin.csproj", "{2F66F6AD-1A02-4A80-AB72-6D3A372F1CB8}"
EndProject
Project("{2150E333-8FDC-42A3-9474-1A3956D46DE8}") = "Solution Items", "Solution Items", "{DC35FAFA-34FB-4DB5-AEB0-B2F70D9D959D}"
	ProjectSection(SolutionItems) = preProject
		..\Northwind.sql.txt = ..\Northwind.sql.txt
	EndProjectSection
EndProject
Global
	GlobalSection(SolutionConfigurationPlatforms) = preSolution
		Debug|Any CPU = Debug|Any CPU
		Release|Any CPU = Release|Any CPU
	EndGlobalSection
	GlobalSection(ProjectConfigurationPlatforms) = postSolution
		{2F66F6AD-1A02-4A80-AB72-6D3A372F1CB8}.Debug|Any CPU.ActiveCfg = Debug|Any CPU
		{2F66F6AD-1A02-4A80-AB72-6D3A372F1CB8}.Debug|Any CPU.Build.0 = Debug|Any CPU
		{2F66F6AD-1A02-4A80-AB72-6D3A372F1CB8}.Release|Any CPU.ActiveCfg = Release|Any CPU
		{2F66F6AD-1A02-4A80-AB72-6D3A372F1CB8}.Release|Any CPU.Build.0 = Release|Any CPU
	EndGlobalSection
	GlobalSection(SolutionProperties) = preSolution
		HideSolutionNode = FALSE
	EndGlobalSection
	GlobalSection(ExtensibilityGlobals) = postSolution
		SolutionGuid = {D42C5EFA-0BBE-417F-8571-4AA04A6A25CC}
	EndGlobalSection
EndGlobal
